
Microsoft Visual Studio Solution File, Format Version 12.00
# Visual Studio Version 17
VisualStudioVersion = 17.3.32929.385
MinimumVisualStudioVersion = 10.0.40219.1
Project("{FAE04EC0-301F-11D3-BF4B-00C04F79EFBC}") = "crudManceira", "crudManceira\crudManceira.csproj", "{3FA56317-68DE-485A-8DC1-A89C1BB4B549}"
EndProject
Global
	GlobalSection(SolutionConfigurationPlatforms) = preSolution
		Debug|Any CPU = Debug|Any CPU
		Release|Any CPU = Release|Any CPU
	EndGlobalSection
	GlobalSection(ProjectConfigurationPlatforms) = postSolution
		{3FA56317-68DE-485A-8DC1-A89C1BB4B549}.Debug|Any CPU.ActiveCfg = Debug|Any CPU
		{3FA56317-68DE-485A-8DC1-A89C1BB4B549}.Debug|Any CPU.Build.0 = Debug|Any CPU
		{3FA56317-68DE-485A-8DC1-A89C1BB4B549}.Release|Any CPU.ActiveCfg = Release|Any CPU
		{3FA56317-68DE-485A-8DC1-A89C1BB4B549}.Release|Any CPU.Build.0 = Release|Any CPU
	EndGlobalSection
	GlobalSection(SolutionProperties) = preSolution
		HideSolutionNode = FALSE
	EndGlobalSection
	GlobalSection(ExtensibilityGlobals) = postSolution
		SolutionGuid = {A1C65567-F1D3-4051-80C6-BCD326E19C72}
	EndGlobalSection
EndGlobal
